version = 1
revision = 3
requires-python = ">=3.10"

[[package]]
name = "traitlets"
version = "5.15.1"
source = { registry = "https://mirrors.aliyun.com/pypi/simple/" }
sdist = { url = "https://mirrors.aliyun.com/pypi/packages/57/a9/a2584b8313b89f94869ddb3c4074617a691de1812a614d2d50e32ca5a7a6/traitlets-5.15.1.tar.gz", hash = "sha256:7b1c07854fe25acb39e009bae49f11b79ff6cbb2f27999104e9110e7a6b53722" }
wheels = [
    { url = "https://mirrors.aliyun.com/pypi/packages/96/8d/1080ee4c231f361b6ce4470d556c8c435b67c7e0753aaa641497ee92f88b/traitlets-5.15.1-py3-none-any.whl", hash = "sha256:770a53705f84b81ac107e83a1b3328ff2dae16094d8fc3cfc004e4b22dfd8e92" },
]

[[package]]
name = "traitlets-config-tutorial"
version = "0.1.0"
source = { virtual = "." }
dependencies = [
    { name = "traitlets" },
]

[package.metadata]
requires-dist = [{ name = "traitlets", specifier = ">=5.14" }]
